{
  "version": 4,
  "terraform_version": "1.5.7",
  "serial": 20,
  "lineage": "2b1a2736-449e-e495-c33e-d7e7f3c3c544",
  "outputs": {
    "display": {
      "value": "gaming,coding,video-editing",
      "type": "string"
    },
    "first": {
      "value": "Hello 1",
      "type": "string"
    },
    "myfirst_repo": {
      "value": "https://github.com/babiswas/terraform-repo",
      "type": "string"
    },
    "mysecond_repo": {
      "value": "https://github.com/babiswas/terraform-repo2",
      "type": "string"
    },
    "printname": {
      "value": "Hello bapan5 and age is 34 hobbies gaming",
      "type": "string"
    },
    "secondfile": {
      "value": "Hello 2",
      "type": "string"
    },
    "thirdfile": {
      "value": "Hello 3",
      "type": "string"
    },
    "upper": {
      "value": "GAMING",
      "type": "string"
    },
    "weapons": {
      "value": "Weapons 2",
      "type": "string"
    }
  },
  "resources": [
    {
      "mode": "managed",
      "type": "github_repository",
      "name": "bapanauto",
      "provider": "provider[\"registry.terraform.io/hashicorp/github\"]",
      "instances": [
        {
          "schema_version": 1,
          "attributes": {
            "allow_auto_merge": false,
            "allow_merge_commit": true,
            "allow_rebase_merge": true,
            "allow_squash_merge": true,
            "allow_update_branch": false,
            "archive_on_destroy": null,
            "archived": false,
            "auto_init": true,
            "default_branch": "main",
            "delete_branch_on_merge": false,
            "description": "bapan-repo",
            "etag": "W/\"488cb269cc0207a6dd83b09328b7873acb601370926557014ce9f70a4f6145dc\"",
            "full_name": "babiswas/terraform-repo",
            "git_clone_url": "git://github.com/babiswas/terraform-repo.git",
            "gitignore_template": null,
            "has_discussions": false,
            "has_downloads": false,
            "has_issues": false,
            "has_projects": false,
            "has_wiki": false,
            "homepage_url": "",
            "html_url": "https://github.com/babiswas/terraform-repo",
            "http_clone_url": "https://github.com/babiswas/terraform-repo.git",
            "id": "terraform-repo",
            "ignore_vulnerability_alerts_during_read": null,
            "is_template": false,
            "license_template": null,
            "merge_commit_message": "PR_TITLE",
            "merge_commit_title": "MERGE_MESSAGE",
            "name": "terraform-repo",
            "node_id": "R_kgDOLPM8JQ",
            "pages": [],
            "primary_language": "",
            "private": false,
            "repo_id": 754138149,
            "security_and_analysis": [
              {
                "advanced_security": [],
                "secret_scanning": [
                  {
                    "status": "disabled"
                  }
                ],
                "secret_scanning_push_protection": [
                  {
                    "status": "disabled"
                  }
                ]
              }
            ],
            "squash_merge_commit_message": "COMMIT_MESSAGES",
            "squash_merge_commit_title": "COMMIT_OR_PR_TITLE",
            "ssh_clone_url": "git@github.com:babiswas/terraform-repo.git",
            "svn_url": "https://github.com/babiswas/terraform-repo",
            "template": [],
            "topics": [],
            "visibility": "public",
            "vulnerability_alerts": false,
            "web_commit_signoff_required": false
          },
          "sensitive_attributes": [],
          "private": "eyJzY2hlbWFfdmVyc2lvbiI6IjEifQ=="
        }
      ]
    },
    {
      "mode": "managed",
      "type": "github_repository",
      "name": "bapanauto1",
      "provider": "provider[\"registry.terraform.io/hashicorp/github\"]",
      "instances": [
        {
          "schema_version": 1,
          "attributes": {
            "allow_auto_merge": false,
            "allow_merge_commit": true,
            "allow_rebase_merge": true,
            "allow_squash_merge": true,
            "allow_update_branch": false,
            "archive_on_destroy": null,
            "archived": false,
            "auto_init": true,
            "default_branch": "main",
            "delete_branch_on_merge": false,
            "description": "bapan-repo2",
            "etag": "W/\"e71196fa06f178402bc184a8714d9817001cf9ecd16bd2f9a0b0a76c024977b1\"",
            "full_name": "babiswas/terraform-repo2",
            "git_clone_url": "git://github.com/babiswas/terraform-repo2.git",
            "gitignore_template": null,
            "has_discussions": false,
            "has_downloads": false,
            "has_issues": false,
            "has_projects": false,
            "has_wiki": false,
            "homepage_url": "",
            "html_url": "https://github.com/babiswas/terraform-repo2",
            "http_clone_url": "https://github.com/babiswas/terraform-repo2.git",
            "id": "terraform-repo2",
            "ignore_vulnerability_alerts_during_read": null,
            "is_template": false,
            "license_template": null,
            "merge_commit_message": "PR_TITLE",
            "merge_commit_title": "MERGE_MESSAGE",
            "name": "terraform-repo2",
            "node_id": "R_kgDOLPM8Mw",
            "pages": [],
            "primary_language": "",
            "private": false,
            "repo_id": 754138163,
            "security_and_analysis": [
              {
                "advanced_security": [],
                "secret_scanning": [
                  {
                    "status": "disabled"
                  }
                ],
                "secret_scanning_push_protection": [
                  {
                    "status": "disabled"
                  }
                ]
              }
            ],
            "squash_merge_commit_message": "COMMIT_MESSAGES",
            "squash_merge_commit_title": "COMMIT_OR_PR_TITLE",
            "ssh_clone_url": "git@github.com:babiswas/terraform-repo2.git",
            "svn_url": "https://github.com/babiswas/terraform-repo2",
            "template": [],
            "topics": [],
            "visibility": "public",
            "vulnerability_alerts": false,
            "web_commit_signoff_required": false
          },
          "sensitive_attributes": [],
          "private": "eyJzY2hlbWFfdmVyc2lvbiI6IjEifQ=="
        }
      ]
    }
  ],
  "check_results": null
}
